
Microsoft Visual Studio Solution File, Format Version 12.00
# Visual Studio 14
VisualStudioVersion = 14.0.25420.1
MinimumVisualStudioVersion = 10.0.40219.1
Project("{2150E333-8FDC-42A3-9474-1A3956D46DE8}") = "src", "src", "{7FB08894-DF40-44B8-AF95-0991B16916B1}"
EndProject
Project("{2150E333-8FDC-42A3-9474-1A3956D46DE8}") = "Solution Items", "Solution Items", "{22034A4D-70D4-437C-9B65-7505B96B683D}"
	ProjectSection(SolutionItems) = preProject
		global.json = global.json
	EndProjectSection
EndProject
Project("{8BB2217D-0F2D-49D1-97BC-3654ED321F3B}") = "TwilioTest", "src\TwilioTest\TwilioTest.xproj", "{53325E72-C1C6-4CB9-8BD5-0CC674AAE994}"
EndProject
Global
	GlobalSection(SolutionConfigurationPlatforms) = preSolution
		Debug|Any CPU = Debug|Any CPU
		Release|Any CPU = Release|Any CPU
	EndGlobalSection
	GlobalSection(ProjectConfigurationPlatforms) = postSolution
		{53325E72-C1C6-4CB9-8BD5-0CC674AAE994}.Debug|Any CPU.ActiveCfg = Debug|Any CPU
		{53325E72-C1C6-4CB9-8BD5-0CC674AAE994}.Debug|Any CPU.Build.0 = Debug|Any CPU
		{53325E72-C1C6-4CB9-8BD5-0CC674AAE994}.Release|Any CPU.ActiveCfg = Release|Any CPU
		{53325E72-C1C6-4CB9-8BD5-0CC674AAE994}.Release|Any CPU.Build.0 = Release|Any CPU
	EndGlobalSection
	GlobalSection(SolutionProperties) = preSolution
		HideSolutionNode = FALSE
	EndGlobalSection
	GlobalSection(NestedProjects) = preSolution
		{53325E72-C1C6-4CB9-8BD5-0CC674AAE994} = {7FB08894-DF40-44B8-AF95-0991B16916B1}
	EndGlobalSection
EndGlobal
